// !$*UTF8*$!
{
	archiveVersion = 1;
	classes = {
	};
	objectVersion = 56;
	objects = {

/* Begin PBXBuildFile section */
		77AE8FA52A435378003087BC /* almatyAppApp.swift in Sources */ = {isa = PBXBuildFile; fileRef = 77AE8FA42A435378003087BC /* almatyAppApp.swift */; };
		77AE8FA72A435378003087BC /* ContentView.swift in Sources */ = {isa = PBXBuildFile; fileRef = 77AE8FA62A435378003087BC /* ContentView.swift */; };
		77AE8FA92A435379003087BC /* Assets.xcassets in Resources */ = {isa = PBXBuildFile; fileRef = 77AE8FA82A435379003087BC /* Assets.xcassets */; };
		77AE8FAD2A435379003087BC /* Preview Assets.xcassets in Resources */ = {isa = PBXBuildFile; fileRef = 77AE8FAC2A435379003087BC /* Preview Assets.xcassets */; };
		77AE8FB72A43537A003087BC /* almatyAppTests.swift in Sources */ = {isa = PBXBuildFile; fileRef = 77AE8FB62A43537A003087BC /* almatyAppTests.swift */; };
		77AE8FC12A43537A003087BC /* almatyAppUITests.swift in Sources */ = {isa = PBXBuildFile; fileRef = 77AE8FC02A43537A003087BC /* almatyAppUITests.swift */; };
		77AE8FC32A43537A003087BC /* almatyAppUITestsLaunchTests.swift in Sources */ = {isa = PBXBuildFile; fileRef = 77AE8FC22A43537A003087BC /* almatyAppUITestsLaunchTests.swift */; };
/* End PBXBuildFile section */

/* Begin PBXContainerItemProxy section */
		77AE8FB32A43537A003087BC /* PBXContainerItemProxy */ = {
			isa = PBXContainerItemProxy;
			containerPortal = 77AE8F992A435378003087BC /* Project object */;
			proxyType = 1;
			remoteGlobalIDString = 77AE8FA02A435378003087BC;
			remoteInfo = almatyApp;
		};
		77AE8FBD2A43537A003087BC /* PBXContainerItemProxy */ = {
			isa = PBXContainerItemProxy;
			containerPortal = 77AE8F992A435378003087BC /* Project object */;
			proxyType = 1;
			remoteGlobalIDString = 77AE8FA02A435378003087BC;
			remoteInfo = almatyApp;
		};
/* End PBXContainerItemProxy section */

/* Begin PBXFileReference section */
		77AE8FA12A435378003087BC /* almatyApp.app */ = {isa = PBXFileReference; explicitFileType = wrapper.application; includeInIndex = 0; path = almatyApp.app; sourceTree = BUILT_PRODUCTS_DIR; };
		77AE8FA42A435378003087BC /* almatyAppApp.swift */ = {isa = PBXFileReference; lastKnownFileType = sourcecode.swift; path = almatyAppApp.swift; sourceTree = "<group>"; };
		77AE8FA62A435378003087BC /* ContentView.swift */ = {isa = PBXFileReference; lastKnownFileType = sourcecode.swift; path = ContentView.swift; sourceTree = "<group>"; };
		77AE8FA82A435379003087BC /* Assets.xcassets */ = {isa = PBXFileReference; lastKnownFileType = folder.assetcatalog; path = Assets.xcassets; sourceTree = "<group>"; };
		77AE8FAA2A435379003087BC /* almatyApp.entitlements */ = {isa = PBXFileReference; lastKnownFileType = text.plist.entitlements; path = almatyApp.entitlements; sourceTree = "<group>"; };
		77AE8FAC2A435379003087BC /* Preview Assets.xcassets */ = {isa = PBXFileReference; lastKnownFileType = folder.assetcatalog; path = "Preview Assets.xcassets"; sourceTree = "<group>"; };
		77AE8FB22A43537A003087BC /* almatyAppTests.xctest */ = {isa = PBXFileReference; explicitFileType = wrapper.cfbundle; includeInIndex = 0; path = almatyAppTests.xctest; sourceTree = BUILT_PRODUCTS_DIR; };
		77AE8FB62A43537A003087BC /* almatyAppTests.swift */ = {isa = PBXFileReference; lastKnownFileType = sourcecode.swift; path = almatyAppTests.swift; sourceTree = "<group>"; };
		77AE8FBC2A43537A003087BC /* almatyAppUITests.xctest */ = {isa = PBXFileReference; explicitFileType = wrapper.cfbundle; includeInIndex = 0; path = almatyAppUITests.xctest; sourceTree = BUILT_PRODUCTS_DIR; };
		77AE8FC02A43537A003087BC /* almatyAppUITests.swift */ = {isa = PBXFileReference; lastKnownFileType = sourcecode.swift; path = almatyAppUITests.swift; sourceTree = "<group>"; };
		77AE8FC22A43537A003087BC /* almatyAppUITestsLaunchTests.swift */ = {isa = PBXFileReference; lastKnownFileType = sourcecode.swift; path = almatyAppUITestsLaunchTests.swift; sourceTree = "<group>"; };
/* End PBXFileReference section */

/* Begin PBXFrameworksBuildPhase section */
		77AE8F9E2A435378003087BC /* Frameworks */ = {
			isa = PBXFrameworksBuildPhase;
			buildActionMask = 2147483647;
			files = (
			);
			runOnlyForDeploymentPostprocessing = 0;
		};
		77AE8FAF2A43537A003087BC /* Frameworks */ = {
			isa = PBXFrameworksBuildPhase;
			buildActionMask = 2147483647;
			files = (
			);
			runOnlyForDeploymentPostprocessing = 0;
		};
		77AE8FB92A43537A003087BC /* Frameworks */ = {
			isa = PBXFrameworksBuildPhase;
			buildActionMask = 2147483647;
			files = (
			);
			runOnlyForDeploymentPostprocessing = 0;
		};
/* End PBXFrameworksBuildPhase section */

/* Begin PBXGroup section */
		77AE8F982A435378003087BC = {
			isa = PBXGroup;
			children = (
				77AE8FA32A435378003087BC /* almatyApp */,
				77AE8FB52A43537A003087BC /* almatyAppTests */,
				77AE8FBF2A43537A003087BC /* almatyAppUITests */,
				77AE8FA22A435378003087BC /* Products */,
			);
			sourceTree = "<group>";
		};
		77AE8FA22A435378003087BC /* Products */ = {
			isa = PBXGroup;
			children = (
				77AE8FA12A435378003087BC /* almatyApp.app */,
				77AE8FB22A43537A003087BC /* almatyAppTests.xctest */,
				77AE8FBC2A43537A003087BC /* almatyAppUITests.xctest */,
			);
			name = Products;
			sourceTree = "<group>";
		};
		77AE8FA32A435378003087BC /* almatyApp */ = {
			isa = PBXGroup;
			children = (
				77AE8FA42A435378003087BC /* almatyAppApp.swift */,
				77AE8FA62A435378003087BC /* ContentView.swift */,
				77AE8FA82A435379003087BC /* Assets.xcassets */,
				77AE8FAA2A435379003087BC /* almatyApp.entitlements */,
				77AE8FAB2A435379003087BC /* Preview Content */,
			);
			path = almatyApp;
			sourceTree = "<group>";
		};
		77AE8FAB2A435379003087BC /* Preview Content */ = {
			isa = PBXGroup;
			children = (
				77AE8FAC2A435379003087BC /* Preview Assets.xcassets */,
			);
			path = "Preview Content";
			sourceTree = "<group>";
		};
		77AE8FB52A43537A003087BC /* almatyAppTests */ = {
			isa = PBXGroup;
			children = (
				77AE8FB62A43537A003087BC /* almatyAppTests.swift */,
			);
			path = almatyAppTests;
			sourceTree = "<group>";
		};
		77AE8FBF2A43537A003087BC /* almatyAppUITests */ = {
			isa = PBXGroup;
			children = (
				77AE8FC02A43537A003087BC /* almatyAppUITests.swift */,
				77AE8FC22A43537A003087BC /* almatyAppUITestsLaunchTests.swift */,
			);
			path = almatyAppUITests;
			sourceTree = "<group>";
		};
/* End PBXGroup section */

/* Begin PBXNativeTarget section */
		77AE8FA02A435378003087BC /* almatyApp */ = {
			isa = PBXNativeTarget;
			buildConfigurationList = 77AE8FC62A43537A003087BC /* Build configuration list for PBXNativeTarget "almatyApp" */;
			buildPhases = (
				77AE8F9D2A435378003087BC /* Sources */,
				77AE8F9E2A435378003087BC /* Frameworks */,
				77AE8F9F2A435378003087BC /* Resources */,
			);
			buildRules = (
			);
			dependencies = (
			);
			name = almatyApp;
			productName = almatyApp;
			productReference = 77AE8FA12A435378003087BC /* almatyApp.app */;
			productType = "com.apple.product-type.application";
		};
		77AE8FB12A43537A003087BC /* almatyAppTests */ = {
			isa = PBXNativeTarget;
			buildConfigurationList = 77AE8FC92A43537A003087BC /* Build configuration list for PBXNativeTarget "almatyAppTests" */;
			buildPhases = (
				77AE8FAE2A43537A003087BC /* Sources */,
				77AE8FAF2A43537A003087BC /* Frameworks */,
				77AE8FB02A43537A003087BC /* Resources */,
			);
			buildRules = (
			);
			dependencies = (
				77AE8FB42A43537A003087BC /* PBXTargetDependency */,
			);
			name = almatyAppTests;
			productName = almatyAppTests;
			productReference = 77AE8FB22A43537A003087BC /* almatyAppTests.xctest */;
			productType = "com.apple.product-type.bundle.unit-test";
		};
		77AE8FBB2A43537A003087BC /* almatyAppUITests */ = {
			isa = PBXNativeTarget;
			buildConfigurationList = 77AE8FCC2A43537A003087BC /* Build configuration list for PBXNativeTarget "almatyAppUITests" */;
			buildPhases = (
				77AE8FB82A43537A003087BC /* Sources */,
				77AE8FB92A43537A003087BC /* Frameworks */,
				77AE8FBA2A43537A003087BC /* Resources */,
			);
			buildRules = (
			);
			dependencies = (
				77AE8FBE2A43537A003087BC /* PBXTargetDependency */,
			);
			name = almatyAppUITests;
			productName = almatyAppUITests;
			productReference = 77AE8FBC2A43537A003087BC /* almatyAppUITests.xctest */;
			productType = "com.apple.product-type.bundle.ui-testing";
		};
/* End PBXNativeTarget section */

/* Begin PBXProject section */
		77AE8F992A435378003087BC /* Project object */ = {
			isa = PBXProject;
			attributes = {
				BuildIndependentTargetsInParallel = 1;
				LastSwiftUpdateCheck = 1430;
				LastUpgradeCheck = 1430;
				TargetAttributes = {
					77AE8FA02A435378003087BC = {
						CreatedOnToolsVersion = 14.3.1;
					};
					77AE8FB12A43537A003087BC = {
						CreatedOnToolsVersion = 14.3.1;
						TestTargetID = 77AE8FA02A435378003087BC;
					};
					77AE8FBB2A43537A003087BC = {
						CreatedOnToolsVersion = 14.3.1;
						TestTargetID = 77AE8FA02A435378003087BC;
					};
				};
			};
			buildConfigurationList = 77AE8F9C2A435378003087BC /* Build configuration list for PBXProject "almatyApp" */;
			compatibilityVersion = "Xcode 14.0";
			developmentRegion = en;
			hasScannedForEncodings = 0;
			knownRegions = (
				en,
				Base,
			);
			mainGroup = 77AE8F982A435378003087BC;
			productRefGroup = 77AE8FA22A435378003087BC /* Products */;
			projectDirPath = "";
			projectRoot = "";
			targets = (
				77AE8FA02A435378003087BC /* almatyApp */,
				77AE8FB12A43537A003087BC /* almatyAppTests */,
				77AE8FBB2A43537A003087BC /* almatyAppUITests */,
			);
		};
/* End PBXProject section */

/* Begin PBXResourcesBuildPhase section */
		77AE8F9F2A435378003087BC /* Resources */ = {
			isa = PBXResourcesBuildPhase;
			buildActionMask = 2147483647;
			files = (
				77AE8FAD2A435379003087BC /* Preview Assets.xcassets in Resources */,
				77AE8FA92A435379003087BC /* Assets.xcassets in Resources */,
			);
			runOnlyForDeploymentPostprocessing = 0;
		};
		77AE8FB02A43537A003087BC /* Resources */ = {
			isa = PBXResourcesBuildPhase;
			buildActionMask = 2147483647;
			files = (
			);
			runOnlyForDeploymentPostprocessing = 0;
		};
		77AE8FBA2A43537A003087BC /* Resources */ = {
			isa = PBXResourcesBuildPhase;
			buildActionMask = 2147483647;
			files = (
			);
			runOnlyForDeploymentPostprocessing = 0;
		};
/* End PBXResourcesBuildPhase section */

/* Begin PBXSourcesBuildPhase section */
		77AE8F9D2A435378003087BC /* Sources */ = {
			isa = PBXSourcesBuildPhase;
			buildActionMask = 2147483647;
			files = (
				77AE8FA72A435378003087BC /* ContentView.swift in Sources */,
				77AE8FA52A435378003087BC /* almatyAppApp.swift in Sources */,
			);
			runOnlyForDeploymentPostprocessing = 0;
		};
		77AE8FAE2A43537A003087BC /* Sources */ = {
			isa = PBXSourcesBuildPhase;
			buildActionMask = 2147483647;
			files = (
				77AE8FB72A43537A003087BC /* almatyAppTests.swift in Sources */,
			);
			runOnlyForDeploymentPostprocessing = 0;
		};
		77AE8FB82A43537A003087BC /* Sources */ = {
			isa = PBXSourcesBuildPhase;
			buildActionMask = 2147483647;
			files = (
				77AE8FC32A43537A003087BC /* almatyAppUITestsLaunchTests.swift in Sources */,
				77AE8FC12A43537A003087BC /* almatyAppUITests.swift in Sources */,
			);
			runOnlyForDeploymentPostprocessing = 0;
		};
/* End PBXSourcesBuildPhase section */

/* Begin PBXTargetDependency section */
		77AE8FB42A43537A003087BC /* PBXTargetDependency */ = {
			isa = PBXTargetDependency;
			target = 77AE8FA02A435378003087BC /* almatyApp */;
			targetProxy = 77AE8FB32A43537A003087BC /* PBXContainerItemProxy */;
		};
		77AE8FBE2A43537A003087BC /* PBXTargetDependency */ = {
			isa = PBXTargetDependency;
			target = 77AE8FA02A435378003087BC /* almatyApp */;
			targetProxy = 77AE8FBD2A43537A003087BC /* PBXContainerItemProxy */;
		};
/* End PBXTargetDependency section */

/* Begin XCBuildConfiguration section */
		77AE8FC42A43537A003087BC /* Debug */ = {
			isa = XCBuildConfiguration;
			buildSettings = {
				ALWAYS_SEARCH_USER_PATHS = NO;
				CLANG_ANALYZER_NONNULL = YES;
				CLANG_ANALYZER_NUMBER_OBJECT_CONVERSION = YES_AGGRESSIVE;
				CLANG_CXX_LANGUAGE_STANDARD = "gnu++20";
				CLANG_ENABLE_MODULES = YES;
				CLANG_ENABLE_OBJC_ARC = YES;
				CLANG_ENABLE_OBJC_WEAK = YES;
				CLANG_WARN_BLOCK_CAPTURE_AUTORELEASING = YES;
				CLANG_WARN_BOOL_CONVERSION = YES;
				CLANG_WARN_COMMA = YES;
				CLANG_WARN_CONSTANT_CONVERSION = YES;
				CLANG_WARN_DEPRECATED_OBJC_IMPLEMENTATIONS = YES;
				CLANG_WARN_DIRECT_OBJC_ISA_USAGE = YES_ERROR;
				CLANG_WARN_DOCUMENTATION_COMMENTS = YES;
				CLANG_WARN_EMPTY_BODY = YES;
				CLANG_WARN_ENUM_CONVERSION = YES;
				CLANG_WARN_INFINITE_RECURSION = YES;
				CLANG_WARN_INT_CONVERSION = YES;
				CLANG_WARN_NON_LITERAL_NULL_CONVERSION = YES;
				CLANG_WARN_OBJC_IMPLICIT_RETAIN_SELF = YES;
				CLANG_WARN_OBJC_LITERAL_CONVERSION = YES;
				CLANG_WARN_OBJC_ROOT_CLASS = YES_ERROR;
				CLANG_WARN_QUOTED_INCLUDE_IN_FRAMEWORK_HEADER = YES;
				CLANG_WARN_RANGE_LOOP_ANALYSIS = YES;
				CLANG_WARN_STRICT_PROTOTYPES = YES;
				CLANG_WARN_SUSPICIOUS_MOVE = YES;
				CLANG_WARN_UNGUARDED_AVAILABILITY = YES_AGGRESSIVE;
				CLANG_WARN_UNREACHABLE_CODE = YES;
				CLANG_WARN__DUPLICATE_METHOD_MATCH = YES;
				COPY_PHASE_STRIP = NO;
				DEBUG_INFORMATION_FORMAT = dwarf;
				ENABLE_STRICT_OBJC_MSGSEND = YES;
				ENABLE_TESTABILITY = YES;
				GCC_C_LANGUAGE_STANDARD = gnu11;
				GCC_DYNAMIC_NO_PIC = NO;
				GCC_NO_COMMON_BLOCKS = YES;
				GCC_OPTIMIZATION_LEVEL = 0;
				GCC_PREPROCESSOR_DEFINITIONS = (
					"DEBUG=1",
					"$(inherited)",
				);
				GCC_WARN_64_TO_32_BIT_CONVERSION = YES;
				GCC_WARN_ABOUT_RETURN_TYPE = YES_ERROR;
				GCC_WARN_UNDECLARED_SELECTOR = YES;
				GCC_WARN_UNINITIALIZED_AUTOS = YES_AGGRESSIVE;
				GCC_WARN_UNUSED_FUNCTION = YES;
				GCC_WARN_UNUSED_VARIABLE = YES;
				MTL_ENABLE_DEBUG_INFO = INCLUDE_SOURCE;
				MTL_FAST_MATH = YES;
				ONLY_ACTIVE_ARCH = YES;
				SWIFT_ACTIVE_COMPILATION_CONDITIONS = DEBUG;
				SWIFT_OPTIMIZATION_LEVEL = "-Onone";
			};
			name = Debug;
		};
		77AE8FC52A43537A003087BC /* Release */ = {
			isa = XCBuildConfiguration;
			buildSettings = {
				ALWAYS_SEARCH_USER_PATHS = NO;
				CLANG_ANALYZER_NONNULL = YES;
				CLANG_ANALYZER_NUMBER_OBJECT_CONVERSION = YES_AGGRESSIVE;
				CLANG_CXX_LANGUAGE_STANDARD = "gnu++20";
				CLANG_ENABLE_MODULES = YES;
				CLANG_ENABLE_OBJC_ARC = YES;
				CLANG_ENABLE_OBJC_WEAK = YES;
				CLANG_WARN_BLOCK_CAPTURE_AUTORELEASING = YES;
				CLANG_WARN_BOOL_CONVERSION = YES;
				CLANG_WARN_COMMA = YES;
				CLANG_WARN_CONSTANT_CONVERSION = YES;
				CLANG_WARN_DEPRECATED_OBJC_IMPLEMENTATIONS = YES;
				CLANG_WARN_DIRECT_OBJC_ISA_USAGE = YES_ERROR;
				CLANG_WARN_DOCUMENTATION_COMMENTS = YES;
				CLANG_WARN_EMPTY_BODY = YES;
				CLANG_WARN_ENUM_CONVERSION = YES;
				CLANG_WARN_INFINITE_RECURSION = YES;
				CLANG_WARN_INT_CONVERSION = YES;
				CLANG_WARN_NON_LITERAL_NULL_CONVERSION = YES;
				CLANG_WARN_OBJC_IMPLICIT_RETAIN_SELF = YES;
				CLANG_WARN_OBJC_LITERAL_CONVERSION = YES;
				CLANG_WARN_OBJC_ROOT_CLASS = YES_ERROR;
				CLANG_WARN_QUOTED_INCLUDE_IN_FRAMEWORK_HEADER = YES;
				CLANG_WARN_RANGE_LOOP_ANALYSIS = YES;
				CLANG_WARN_STRICT_PROTOTYPES = YES;
				CLANG_WARN_SUSPICIOUS_MOVE = YES;
				CLANG_WARN_UNGUARDED_AVAILABILITY = YES_AGGRESSIVE;
				CLANG_WARN_UNREACHABLE_CODE = YES;
				CLANG_WARN__DUPLICATE_METHOD_MATCH = YES;
				COPY_PHASE_STRIP = NO;
				DEBUG_INFORMATION_FORMAT = "dwarf-with-dsym";
				ENABLE_NS_ASSERTIONS = NO;
				ENABLE_STRICT_OBJC_MSGSEND = YES;
				GCC_C_LANGUAGE_STANDARD = gnu11;
				GCC_NO_COMMON_BLOCKS = YES;
				GCC_WARN_64_TO_32_BIT_CONVERSION = YES;
				GCC_WARN_ABOUT_RETURN_TYPE = YES_ERROR;
				GCC_WARN_UNDECLARED_SELECTOR = YES;
				GCC_WARN_UNINITIALIZED_AUTOS = YES_AGGRESSIVE;
				GCC_WARN_UNUSED_FUNCTION = YES;
				GCC_WARN_UNUSED_VARIABLE = YES;
				MTL_ENABLE_DEBUG_INFO = NO;
				MTL_FAST_MATH = YES;
				SWIFT_COMPILATION_MODE = wholemodule;
				SWIFT_OPTIMIZATION_LEVEL = "-O";
			};
			name = Release;
		};
		77AE8FC72A43537A003087BC /* Debug */ = {
			isa = XCBuildConfiguration;
			buildSettings = {
				ASSETCATALOG_COMPILER_APPICON_NAME = AppIcon;
				ASSETCATALOG_COMPILER_GLOBAL_ACCENT_COLOR_NAME = AccentColor;
				CODE_SIGN_ENTITLEMENTS = almatyApp/almatyApp.entitlements;
				CODE_SIGN_STYLE = Automatic;
				CURRENT_PROJECT_VERSION = 1;
				DEVELOPMENT_ASSET_PATHS = "\"almatyApp/Preview Content\"";
				DEVELOPMENT_TEAM = 9M2WRUX94B;
				ENABLE_HARDENED_RUNTIME = YES;
				ENABLE_PREVIEWS = YES;
				GENERATE_INFOPLIST_FILE = YES;
				"INFOPLIST_KEY_UIApplicationSceneManifest_Generation[sdk=iphoneos*]" = YES;
				"INFOPLIST_KEY_UIApplicationSceneManifest_Generation[sdk=iphonesimulator*]" = YES;
				"INFOPLIST_KEY_UIApplicationSupportsIndirectInputEvents[sdk=iphoneos*]" = YES;
				"INFOPLIST_KEY_UIApplicationSupportsIndirectInputEvents[sdk=iphonesimulator*]" = YES;
				"INFOPLIST_KEY_UILaunchScreen_Generation[sdk=iphoneos*]" = YES;
				"INFOPLIST_KEY_UILaunchScreen_Generation[sdk=iphonesimulator*]" = YES;
				"INFOPLIST_KEY_UIStatusBarStyle[sdk=iphoneos*]" = UIStatusBarStyleDefault;
				"INFOPLIST_KEY_UIStatusBarStyle[sdk=iphonesimulator*]" = UIStatusBarStyleDefault;
				INFOPLIST_KEY_UISupportedInterfaceOrientations_iPad = "UIInterfaceOrientationPortrait UIInterfaceOrientationPortraitUpsideDown UIInterfaceOrientationLandscapeLeft UIInterfaceOrientationLandscapeRight";
				INFOPLIST_KEY_UISupportedInterfaceOrientations_iPhone = "UIInterfaceOrientationPortrait UIInterfaceOrientationLandscapeLeft UIInterfaceOrientationLandscapeRight";
				IPHONEOS_DEPLOYMENT_TARGET = 16.4;
				LD_RUNPATH_SEARCH_PATHS = "@executable_path/Frameworks";
				"LD_RUNPATH_SEARCH_PATHS[sdk=macosx*]" = "@executable_path/../Frameworks";
				MACOSX_DEPLOYMENT_TARGET = 13.3;
				MARKETING_VERSION = 1.0;
				PRODUCT_BUNDLE_IDENTIFIER = com.abdikhalyk.almatyApp;
				PRODUCT_NAME = "$(TARGET_NAME)";
				SDKROOT = auto;
				SUPPORTED_PLATFORMS = "iphoneos iphonesimulator macosx";
				SWIFT_EMIT_LOC_STRINGS = YES;
				SWIFT_VERSION = 5.0;
				TARGETED_DEVICE_FAMILY = "1,2";
			};
			name = Debug;
		};
		77AE8FC82A43537A003087BC /* Release */ = {
			isa = XCBuildConfiguration;
			buildSettings = {
				ASSETCATALOG_COMPILER_APPICON_NAME = AppIcon;
				ASSETCATALOG_COMPILER_GLOBAL_ACCENT_COLOR_NAME = AccentColor;
				CODE_SIGN_ENTITLEMENTS = almatyApp/almatyApp.entitlements;
				CODE_SIGN_STYLE = Automatic;
				CURRENT_PROJECT_VERSION = 1;
				DEVELOPMENT_ASSET_PATHS = "\"almatyApp/Preview Content\"";
				DEVELOPMENT_TEAM = 9M2WRUX94B;
				ENABLE_HARDENED_RUNTIME = YES;
				ENABLE_PREVIEWS = YES;
				GENERATE_INFOPLIST_FILE = YES;
				"INFOPLIST_KEY_UIApplicationSceneManifest_Generation[sdk=iphoneos*]" = YES;
				"INFOPLIST_KEY_UIApplicationSceneManifest_Generation[sdk=iphonesimulator*]" = YES;
				"INFOPLIST_KEY_UIApplicationSupportsIndirectInputEvents[sdk=iphoneos*]" = YES;
				"INFOPLIST_KEY_UIApplicationSupportsIndirectInputEvents[sdk=iphonesimulator*]" = YES;
				"INFOPLIST_KEY_UILaunchScreen_Generation[sdk=iphoneos*]" = YES;
				"INFOPLIST_KEY_UILaunchScreen_Generation[sdk=iphonesimulator*]" = YES;
				"INFOPLIST_KEY_UIStatusBarStyle[sdk=iphoneos*]" = UIStatusBarStyleDefault;
				"INFOPLIST_KEY_UIStatusBarStyle[sdk=iphonesimulator*]" = UIStatusBarStyleDefault;
				INFOPLIST_KEY_UISupportedInterfaceOrientations_iPad = "UIInterfaceOrientationPortrait UIInterfaceOrientationPortraitUpsideDown UIInterfaceOrientationLandscapeLeft UIInterfaceOrientationLandscapeRight";
				INFOPLIST_KEY_UISupportedInterfaceOrientations_iPhone = "UIInterfaceOrientationPortrait UIInterfaceOrientationLandscapeLeft UIInterfaceOrientationLandscapeRight";
				IPHONEOS_DEPLOYMENT_TARGET = 16.4;
				LD_RUNPATH_SEARCH_PATHS = "@executable_path/Frameworks";
				"LD_RUNPATH_SEARCH_PATHS[sdk=macosx*]" = "@executable_path/../Frameworks";
				MACOSX_DEPLOYMENT_TARGET = 13.3;
				MARKETING_VERSION = 1.0;
				PRODUCT_BUNDLE_IDENTIFIER = com.abdikhalyk.almatyApp;
				PRODUCT_NAME = "$(TARGET_NAME)";
				SDKROOT = auto;
				SUPPORTED_PLATFORMS = "iphoneos iphonesimulator macosx";
				SWIFT_EMIT_LOC_STRINGS = YES;
				SWIFT_VERSION = 5.0;
				TARGETED_DEVICE_FAMILY = "1,2";
			};
			name = Release;
		};
		77AE8FCA2A43537A003087BC /* Debug */ = {
			isa = XCBuildConfiguration;
			buildSettings = {
				ALWAYS_EMBED_SWIFT_STANDARD_LIBRARIES = YES;
				BUNDLE_LOADER = "$(TEST_HOST)";
				CODE_SIGN_STYLE = Automatic;
				CURRENT_PROJECT_VERSION = 1;
				DEVELOPMENT_TEAM = 9M2WRUX94B;
				GENERATE_INFOPLIST_FILE = YES;
				IPHONEOS_DEPLOYMENT_TARGET = 16.4;
				MACOSX_DEPLOYMENT_TARGET = 13.3;
				MARKETING_VERSION = 1.0;
				PRODUCT_BUNDLE_IDENTIFIER = com.abdikhalyk.almatyAppTests;
				PRODUCT_NAME = "$(TARGET_NAME)";
				SDKROOT = auto;
				SUPPORTED_PLATFORMS = "iphoneos iphonesimulator macosx";
				SWIFT_EMIT_LOC_STRINGS = NO;
				SWIFT_VERSION = 5.0;
				TARGETED_DEVICE_FAMILY = "1,2";
				TEST_HOST = "$(BUILT_PRODUCTS_DIR)/almatyApp.app/$(BUNDLE_EXECUTABLE_FOLDER_PATH)/almatyApp";
			};
			name = Debug;
		};
		77AE8FCB2A43537A003087BC /* Release */ = {
			isa = XCBuildConfiguration;
			buildSettings = {
				ALWAYS_EMBED_SWIFT_STANDARD_LIBRARIES = YES;
				BUNDLE_LOADER = "$(TEST_HOST)";
				CODE_SIGN_STYLE = Automatic;
				CURRENT_PROJECT_VERSION = 1;
				DEVELOPMENT_TEAM = 9M2WRUX94B;
				GENERATE_INFOPLIST_FILE = YES;
				IPHONEOS_DEPLOYMENT_TARGET = 16.4;
				MACOSX_DEPLOYMENT_TARGET = 13.3;
				MARKETING_VERSION = 1.0;
				PRODUCT_BUNDLE_IDENTIFIER = com.abdikhalyk.almatyAppTests;
				PRODUCT_NAME = "$(TARGET_NAME)";
				SDKROOT = auto;
				SUPPORTED_PLATFORMS = "iphoneos iphonesimulator macosx";
				SWIFT_EMIT_LOC_STRINGS = NO;
				SWIFT_VERSION = 5.0;
				TARGETED_DEVICE_FAMILY = "1,2";
				TEST_HOST = "$(BUILT_PRODUCTS_DIR)/almatyApp.app/$(BUNDLE_EXECUTABLE_FOLDER_PATH)/almatyApp";
			};
			name = Release;
		};
		77AE8FCD2A43537A003087BC /* Debug */ = {
			isa = XCBuildConfiguration;
			buildSettings = {
				ALWAYS_EMBED_SWIFT_STANDARD_LIBRARIES = YES;
				CODE_SIGN_STYLE = Automatic;
				CURRENT_PROJECT_VERSION = 1;
				DEVELOPMENT_TEAM = 9M2WRUX94B;
				GENERATE_INFOPLIST_FILE = YES;
				IPHONEOS_DEPLOYMENT_TARGET = 16.4;
				MACOSX_DEPLOYMENT_TARGET = 13.3;
				MARKETING_VERSION = 1.0;
				PRODUCT_BUNDLE_IDENTIFIER = com.abdikhalyk.almatyAppUITests;
				PRODUCT_NAME = "$(TARGET_NAME)";
				SDKROOT = auto;
				SUPPORTED_PLATFORMS = "iphoneos iphonesimulator macosx";
				SWIFT_EMIT_LOC_STRINGS = NO;
				SWIFT_VERSION = 5.0;
				TARGETED_DEVICE_FAMILY = "1,2";
				TEST_TARGET_NAME = almatyApp;
			};
			name = Debug;
		};
		77AE8FCE2A43537A003087BC /* Release */ = {
			isa = XCBuildConfiguration;
			buildSettings = {
				ALWAYS_EMBED_SWIFT_STANDARD_LIBRARIES = YES;
				CODE_SIGN_STYLE = Automatic;
				CURRENT_PROJECT_VERSION = 1;
				DEVELOPMENT_TEAM = 9M2WRUX94B;
				GENERATE_INFOPLIST_FILE = YES;
				IPHONEOS_DEPLOYMENT_TARGET = 16.4;
				MACOSX_DEPLOYMENT_TARGET = 13.3;
				MARKETING_VERSION = 1.0;
				PRODUCT_BUNDLE_IDENTIFIER = com.abdikhalyk.almatyAppUITests;
				PRODUCT_NAME = "$(TARGET_NAME)";
				SDKROOT = auto;
				SUPPORTED_PLATFORMS = "iphoneos iphonesimulator macosx";
				SWIFT_EMIT_LOC_STRINGS = NO;
				SWIFT_VERSION = 5.0;
				TARGETED_DEVICE_FAMILY = "1,2";
				TEST_TARGET_NAME = almatyApp;
			};
			name = Release;
		};
/* End XCBuildConfiguration section */

/* Begin XCConfigurationList section */
		77AE8F9C2A435378003087BC /* Build configuration list for PBXProject "almatyApp" */ = {
			isa = XCConfigurationList;
			buildConfigurations = (
				77AE8FC42A43537A003087BC /* Debug */,
				77AE8FC52A43537A003087BC /* Release */,
			);
			defaultConfigurationIsVisible = 0;
			defaultConfigurationName = Release;
		};
		77AE8FC62A43537A003087BC /* Build configuration list for PBXNativeTarget "almatyApp" */ = {
			isa = XCConfigurationList;
			buildConfigurations = (
				77AE8FC72A43537A003087BC /* Debug */,
				77AE8FC82A43537A003087BC /* Release */,
			);
			defaultConfigurationIsVisible = 0;
			defaultConfigurationName = Release;
		};
		77AE8FC92A43537A003087BC /* Build configuration list for PBXNativeTarget "almatyAppTests" */ = {
			isa = XCConfigurationList;
			buildConfigurations = (
				77AE8FCA2A43537A003087BC /* Debug */,
				77AE8FCB2A43537A003087BC /* Release */,
			);
			defaultConfigurationIsVisible = 0;
			defaultConfigurationName = Release;
		};
		77AE8FCC2A43537A003087BC /* Build configuration list for PBXNativeTarget "almatyAppUITests" */ = {
			isa = XCConfigurationList;
			buildConfigurations = (
				77AE8FCD2A43537A003087BC /* Debug */,
				77AE8FCE2A43537A003087BC /* Release */,
			);
			defaultConfigurationIsVisible = 0;
			defaultConfigurationName = Release;
		};
/* End XCConfigurationList section */
	};
	rootObject = 77AE8F992A435378003087BC /* Project object */;
}
